
Microsoft Visual Studio Solution File, Format Version 12.00
# Visual Studio Version 17
VisualStudioVersion = 17.1.32210.238
MinimumVisualStudioVersion = 10.0.40219.1
Project("{2150E333-8FDC-42A3-9474-1A3956D46DE8}") = "Business Layer", "Business Layer", "{E5E65DF6-1342-46E7-BD5A-3B35DF6974CB}"
EndProject
Project("{2150E333-8FDC-42A3-9474-1A3956D46DE8}") = "Data Access Layer", "Data Access Layer", "{34D9697C-3765-4EE7-8724-DE059A4B01D8}"
EndProject
Project("{2150E333-8FDC-42A3-9474-1A3956D46DE8}") = "Presentation Layer", "Presentation Layer", "{B1222BCA-3B5C-45E8-B02D-8F9E711F84C8}"
EndProject
Project("{FAE04EC0-301F-11D3-BF4B-00C04F79EFBC}") = "BusinessObj", "BusinessObj\BusinessObj.csproj", "{B01BA21C-B0BE-4CDF-970A-792D7A97669E}"
EndProject
Project("{FAE04EC0-301F-11D3-BF4B-00C04F79EFBC}") = "DataAccess", "DataAccess\DataAccess.csproj", "{F2336CBC-A026-49C2-AAC7-61FDF99CBB2C}"
EndProject
Project("{FAE04EC0-301F-11D3-BF4B-00C04F79EFBC}") = "FAM", "FAM\FAM.csproj", "{05330687-686E-4FAA-A278-9667410B5154}"
EndProject
Global
	GlobalSection(SolutionConfigurationPlatforms) = preSolution
		Debug|Any CPU = Debug|Any CPU
		Release|Any CPU = Release|Any CPU
	EndGlobalSection
	GlobalSection(ProjectConfigurationPlatforms) = postSolution
		{B01BA21C-B0BE-4CDF-970A-792D7A97669E}.Debug|Any CPU.ActiveCfg = Debug|Any CPU
		{B01BA21C-B0BE-4CDF-970A-792D7A97669E}.Debug|Any CPU.Build.0 = Debug|Any CPU
		{B01BA21C-B0BE-4CDF-970A-792D7A97669E}.Release|Any CPU.ActiveCfg = Release|Any CPU
		{B01BA21C-B0BE-4CDF-970A-792D7A97669E}.Release|Any CPU.Build.0 = Release|Any CPU
		{F2336CBC-A026-49C2-AAC7-61FDF99CBB2C}.Debug|Any CPU.ActiveCfg = Debug|Any CPU
		{F2336CBC-A026-49C2-AAC7-61FDF99CBB2C}.Debug|Any CPU.Build.0 = Debug|Any CPU
		{F2336CBC-A026-49C2-AAC7-61FDF99CBB2C}.Release|Any CPU.ActiveCfg = Release|Any CPU
		{F2336CBC-A026-49C2-AAC7-61FDF99CBB2C}.Release|Any CPU.Build.0 = Release|Any CPU
		{05330687-686E-4FAA-A278-9667410B5154}.Debug|Any CPU.ActiveCfg = Debug|Any CPU
		{05330687-686E-4FAA-A278-9667410B5154}.Debug|Any CPU.Build.0 = Debug|Any CPU
		{05330687-686E-4FAA-A278-9667410B5154}.Release|Any CPU.ActiveCfg = Release|Any CPU
		{05330687-686E-4FAA-A278-9667410B5154}.Release|Any CPU.Build.0 = Release|Any CPU
	EndGlobalSection
	GlobalSection(SolutionProperties) = preSolution
		HideSolutionNode = FALSE
	EndGlobalSection
	GlobalSection(NestedProjects) = preSolution
		{B01BA21C-B0BE-4CDF-970A-792D7A97669E} = {E5E65DF6-1342-46E7-BD5A-3B35DF6974CB}
		{F2336CBC-A026-49C2-AAC7-61FDF99CBB2C} = {34D9697C-3765-4EE7-8724-DE059A4B01D8}
		{05330687-686E-4FAA-A278-9667410B5154} = {B1222BCA-3B5C-45E8-B02D-8F9E711F84C8}
	EndGlobalSection
	GlobalSection(ExtensibilityGlobals) = postSolution
		SolutionGuid = {F4E5C493-891E-4B67-94E9-596A563AF160}
	EndGlobalSection
EndGlobal
